dependencies:
- name: nats
  repository: https://nats-io.github.io/k8s/helm/charts/
  version: 1.2.10
- name: mongodb
  repository: https://charts.bitnami.com/bitnami
  version: 15.4.4
- name: scylla
  repository: https://scylla-operator-charts.storage.googleapis.com/stable
  version: v1.10.0
digest: sha256:2635835d25fcda874c52e55055a9f9ad86dd31734d8773600bb85e825688b6c0
generated: "2025-02-01T21:35:04.011424523Z"
