dependencies:
- name: nats
  repository: https://nats-io.github.io/k8s/helm/charts/
  version: 1.2.8
- name: mongodb
  repository: https://charts.bitnami.com/bitnami
  version: 15.4.4
- name: scylla
  repository: https://scylla-operator-charts.storage.googleapis.com/stable
  version: v1.10.0
digest: sha256:80c70ec7547c7f8c3ef561c601262cd0bf14b75f36996d4c3f2c29cb21d8b381
generated: "2025-01-01T00:33:06.741637004Z"
